
Microsoft Visual Studio Solution File, Format Version 12.00
# Visual Studio Version 16
VisualStudioVersion = 16.0.29905.134
MinimumVisualStudioVersion = 10.0.40219.1
Project("{FAE04EC0-301F-11D3-BF4B-00C04F79EFBC}") = "Entidades", "Entidades\Entidades.csproj", "{29146D1C-EDAB-453D-811D-0CB9EFF0E312}"
EndProject
Global
	GlobalSection(SolutionConfigurationPlatforms) = preSolution
		Debug|Any CPU = Debug|Any CPU
		Release|Any CPU = Release|Any CPU
	EndGlobalSection
	GlobalSection(ProjectConfigurationPlatforms) = postSolution
		{29146D1C-EDAB-453D-811D-0CB9EFF0E312}.Debug|Any CPU.ActiveCfg = Debug|Any CPU
		{29146D1C-EDAB-453D-811D-0CB9EFF0E312}.Debug|Any CPU.Build.0 = Debug|Any CPU
		{29146D1C-EDAB-453D-811D-0CB9EFF0E312}.Release|Any CPU.ActiveCfg = Release|Any CPU
		{29146D1C-EDAB-453D-811D-0CB9EFF0E312}.Release|Any CPU.Build.0 = Release|Any CPU
	EndGlobalSection
	GlobalSection(SolutionProperties) = preSolution
		HideSolutionNode = FALSE
	EndGlobalSection
	GlobalSection(ExtensibilityGlobals) = postSolution
		SolutionGuid = {CBAA5989-3829-4F39-8EED-1B1960A8895F}
	EndGlobalSection
EndGlobal
