
Microsoft Visual Studio Solution File, Format Version 12.00
# Visual Studio Version 16
VisualStudioVersion = 16.0.29905.134
MinimumVisualStudioVersion = 10.0.40219.1
Project("{FAE04EC0-301F-11D3-BF4B-00C04F79EFBC}") = "Entidades", "Entidades\Entidades.csproj", "{F69F12E4-4A6D-4794-B850-5ACC483DAAFB}"
EndProject
Project("{FAE04EC0-301F-11D3-BF4B-00C04F79EFBC}") = "FrmPrincipal", "FrmPrincipal\FrmPrincipal.csproj", "{D1C9CE24-DCBD-4B26-93AE-7CB22300D730}"
EndProject
Global
	GlobalSection(SolutionConfigurationPlatforms) = preSolution
		Debug|Any CPU = Debug|Any CPU
		Release|Any CPU = Release|Any CPU
	EndGlobalSection
	GlobalSection(ProjectConfigurationPlatforms) = postSolution
		{F69F12E4-4A6D-4794-B850-5ACC483DAAFB}.Debug|Any CPU.ActiveCfg = Debug|Any CPU
		{F69F12E4-4A6D-4794-B850-5ACC483DAAFB}.Debug|Any CPU.Build.0 = Debug|Any CPU
		{F69F12E4-4A6D-4794-B850-5ACC483DAAFB}.Release|Any CPU.ActiveCfg = Release|Any CPU
		{F69F12E4-4A6D-4794-B850-5ACC483DAAFB}.Release|Any CPU.Build.0 = Release|Any CPU
		{D1C9CE24-DCBD-4B26-93AE-7CB22300D730}.Debug|Any CPU.ActiveCfg = Debug|Any CPU
		{D1C9CE24-DCBD-4B26-93AE-7CB22300D730}.Debug|Any CPU.Build.0 = Debug|Any CPU
		{D1C9CE24-DCBD-4B26-93AE-7CB22300D730}.Release|Any CPU.ActiveCfg = Release|Any CPU
		{D1C9CE24-DCBD-4B26-93AE-7CB22300D730}.Release|Any CPU.Build.0 = Release|Any CPU
	EndGlobalSection
	GlobalSection(SolutionProperties) = preSolution
		HideSolutionNode = FALSE
	EndGlobalSection
	GlobalSection(ExtensibilityGlobals) = postSolution
		SolutionGuid = {5DD98BDD-34EE-4F05-8BC6-7B3FA1B480EC}
	EndGlobalSection
EndGlobal
