
Microsoft Visual Studio Solution File, Format Version 12.00
# Visual Studio Version 16
VisualStudioVersion = 16.0.29905.134
MinimumVisualStudioVersion = 10.0.40219.1
Project("{FAE04EC0-301F-11D3-BF4B-00C04F79EFBC}") = "Ejercicio_20", "Ejercicio_20\Ejercicio_20.csproj", "{D267B8BC-0E55-4578-9330-4FF33F0AC167}"
EndProject
Project("{FAE04EC0-301F-11D3-BF4B-00C04F79EFBC}") = "Entidades", "Entidades\Entidades.csproj", "{F9FEFF8A-81B4-47EE-AADE-29BADAE0D519}"
EndProject
Global
	GlobalSection(SolutionConfigurationPlatforms) = preSolution
		Debug|Any CPU = Debug|Any CPU
		Release|Any CPU = Release|Any CPU
	EndGlobalSection
	GlobalSection(ProjectConfigurationPlatforms) = postSolution
		{D267B8BC-0E55-4578-9330-4FF33F0AC167}.Debug|Any CPU.ActiveCfg = Debug|Any CPU
		{D267B8BC-0E55-4578-9330-4FF33F0AC167}.Debug|Any CPU.Build.0 = Debug|Any CPU
		{D267B8BC-0E55-4578-9330-4FF33F0AC167}.Release|Any CPU.ActiveCfg = Release|Any CPU
		{D267B8BC-0E55-4578-9330-4FF33F0AC167}.Release|Any CPU.Build.0 = Release|Any CPU
		{F9FEFF8A-81B4-47EE-AADE-29BADAE0D519}.Debug|Any CPU.ActiveCfg = Debug|Any CPU
		{F9FEFF8A-81B4-47EE-AADE-29BADAE0D519}.Debug|Any CPU.Build.0 = Debug|Any CPU
		{F9FEFF8A-81B4-47EE-AADE-29BADAE0D519}.Release|Any CPU.ActiveCfg = Release|Any CPU
		{F9FEFF8A-81B4-47EE-AADE-29BADAE0D519}.Release|Any CPU.Build.0 = Release|Any CPU
	EndGlobalSection
	GlobalSection(SolutionProperties) = preSolution
		HideSolutionNode = FALSE
	EndGlobalSection
	GlobalSection(ExtensibilityGlobals) = postSolution
		SolutionGuid = {062170E8-89D7-4817-B782-6C60558E3769}
	EndGlobalSection
EndGlobal
