
Microsoft Visual Studio Solution File, Format Version 12.00
# Visual Studio Version 16
VisualStudioVersion = 16.0.29905.134
MinimumVisualStudioVersion = 10.0.40219.1
Project("{FAE04EC0-301F-11D3-BF4B-00C04F79EFBC}") = "Ejercicio_1", "Ejercicio_1\Ejercicio_1.csproj", "{A50E2759-151E-4157-A0EE-831C05B2C5D8}"
EndProject
Project("{FAE04EC0-301F-11D3-BF4B-00C04F79EFBC}") = "Ejercicio_2", "Ejercicio_2\Ejercicio_2.csproj", "{29E46089-E331-4582-9DEF-C6FAE084991D}"
EndProject
Global
	GlobalSection(SolutionConfigurationPlatforms) = preSolution
		Debug|Any CPU = Debug|Any CPU
		Release|Any CPU = Release|Any CPU
	EndGlobalSection
	GlobalSection(ProjectConfigurationPlatforms) = postSolution
		{A50E2759-151E-4157-A0EE-831C05B2C5D8}.Debug|Any CPU.ActiveCfg = Debug|Any CPU
		{A50E2759-151E-4157-A0EE-831C05B2C5D8}.Debug|Any CPU.Build.0 = Debug|Any CPU
		{A50E2759-151E-4157-A0EE-831C05B2C5D8}.Release|Any CPU.ActiveCfg = Release|Any CPU
		{A50E2759-151E-4157-A0EE-831C05B2C5D8}.Release|Any CPU.Build.0 = Release|Any CPU
		{29E46089-E331-4582-9DEF-C6FAE084991D}.Debug|Any CPU.ActiveCfg = Debug|Any CPU
		{29E46089-E331-4582-9DEF-C6FAE084991D}.Debug|Any CPU.Build.0 = Debug|Any CPU
		{29E46089-E331-4582-9DEF-C6FAE084991D}.Release|Any CPU.ActiveCfg = Release|Any CPU
		{29E46089-E331-4582-9DEF-C6FAE084991D}.Release|Any CPU.Build.0 = Release|Any CPU
	EndGlobalSection
	GlobalSection(SolutionProperties) = preSolution
		HideSolutionNode = FALSE
	EndGlobalSection
	GlobalSection(ExtensibilityGlobals) = postSolution
		SolutionGuid = {6D07DCFF-2798-4D32-BF56-C8F8935C516A}
	EndGlobalSection
EndGlobal
