
Microsoft Visual Studio Solution File, Format Version 12.00
# Visual Studio Version 16
VisualStudioVersion = 16.0.29905.134
MinimumVisualStudioVersion = 10.0.40219.1
Project("{FAE04EC0-301F-11D3-BF4B-00C04F79EFBC}") = "Entidades", "Entidades\Entidades.csproj", "{4DBFAAD7-C56D-4332-9F68-E8AA11044FDF}"
EndProject
Project("{FAE04EC0-301F-11D3-BF4B-00C04F79EFBC}") = "FormSistemaSolar", "FormSistemaSolar\FormSistemaSolar.csproj", "{47E17B41-D75A-452F-94C1-9AED1D27ADB8}"
EndProject
Global
	GlobalSection(SolutionConfigurationPlatforms) = preSolution
		Debug|Any CPU = Debug|Any CPU
		Release|Any CPU = Release|Any CPU
	EndGlobalSection
	GlobalSection(ProjectConfigurationPlatforms) = postSolution
		{4DBFAAD7-C56D-4332-9F68-E8AA11044FDF}.Debug|Any CPU.ActiveCfg = Debug|Any CPU
		{4DBFAAD7-C56D-4332-9F68-E8AA11044FDF}.Debug|Any CPU.Build.0 = Debug|Any CPU
		{4DBFAAD7-C56D-4332-9F68-E8AA11044FDF}.Release|Any CPU.ActiveCfg = Release|Any CPU
		{4DBFAAD7-C56D-4332-9F68-E8AA11044FDF}.Release|Any CPU.Build.0 = Release|Any CPU
		{47E17B41-D75A-452F-94C1-9AED1D27ADB8}.Debug|Any CPU.ActiveCfg = Debug|Any CPU
		{47E17B41-D75A-452F-94C1-9AED1D27ADB8}.Debug|Any CPU.Build.0 = Debug|Any CPU
		{47E17B41-D75A-452F-94C1-9AED1D27ADB8}.Release|Any CPU.ActiveCfg = Release|Any CPU
		{47E17B41-D75A-452F-94C1-9AED1D27ADB8}.Release|Any CPU.Build.0 = Release|Any CPU
	EndGlobalSection
	GlobalSection(SolutionProperties) = preSolution
		HideSolutionNode = FALSE
	EndGlobalSection
	GlobalSection(ExtensibilityGlobals) = postSolution
		SolutionGuid = {6FC4216D-96FC-410C-8A7F-393979F5FA2B}
	EndGlobalSection
EndGlobal
