
Microsoft Visual Studio Solution File, Format Version 12.00
# Visual Studio Version 16
VisualStudioVersion = 16.0.29905.134
MinimumVisualStudioVersion = 10.0.40219.1
Project("{FAE04EC0-301F-11D3-BF4B-00C04F79EFBC}") = "Entidades", "Entidades\Entidades.csproj", "{8310329F-A81A-43BB-8589-079A045248F3}"
EndProject
Project("{FAE04EC0-301F-11D3-BF4B-00C04F79EFBC}") = "Ejercicio_30", "Ejercicio_30\Ejercicio_30.csproj", "{9023458E-B265-4773-A594-7DD51DF36A26}"
EndProject
Global
	GlobalSection(SolutionConfigurationPlatforms) = preSolution
		Debug|Any CPU = Debug|Any CPU
		Release|Any CPU = Release|Any CPU
	EndGlobalSection
	GlobalSection(ProjectConfigurationPlatforms) = postSolution
		{8310329F-A81A-43BB-8589-079A045248F3}.Debug|Any CPU.ActiveCfg = Debug|Any CPU
		{8310329F-A81A-43BB-8589-079A045248F3}.Debug|Any CPU.Build.0 = Debug|Any CPU
		{8310329F-A81A-43BB-8589-079A045248F3}.Release|Any CPU.ActiveCfg = Release|Any CPU
		{8310329F-A81A-43BB-8589-079A045248F3}.Release|Any CPU.Build.0 = Release|Any CPU
		{9023458E-B265-4773-A594-7DD51DF36A26}.Debug|Any CPU.ActiveCfg = Debug|Any CPU
		{9023458E-B265-4773-A594-7DD51DF36A26}.Debug|Any CPU.Build.0 = Debug|Any CPU
		{9023458E-B265-4773-A594-7DD51DF36A26}.Release|Any CPU.ActiveCfg = Release|Any CPU
		{9023458E-B265-4773-A594-7DD51DF36A26}.Release|Any CPU.Build.0 = Release|Any CPU
	EndGlobalSection
	GlobalSection(SolutionProperties) = preSolution
		HideSolutionNode = FALSE
	EndGlobalSection
	GlobalSection(ExtensibilityGlobals) = postSolution
		SolutionGuid = {33695E3C-EB70-4F91-8E21-D4ACFD1E2D68}
	EndGlobalSection
EndGlobal
