
Microsoft Visual Studio Solution File, Format Version 12.00
# Visual Studio Version 16
VisualStudioVersion = 16.0.29905.134
MinimumVisualStudioVersion = 10.0.40219.1
Project("{FAE04EC0-301F-11D3-BF4B-00C04F79EFBC}") = "Ejercicio_22", "Ejercicio_22\Ejercicio_22.csproj", "{C21175BF-586C-4A17-9772-3B282EF3403A}"
EndProject
Project("{FAE04EC0-301F-11D3-BF4B-00C04F79EFBC}") = "Entidades", "Entidades\Entidades.csproj", "{CEB8883E-9E69-44E4-B714-065F44686D92}"
EndProject
Project("{FAE04EC0-301F-11D3-BF4B-00C04F79EFBC}") = "ConversorNumerico", "ConversorNumerico\ConversorNumerico.csproj", "{F77DB1DC-8A58-442F-84F2-55A7EEDC4072}"
EndProject
Global
	GlobalSection(SolutionConfigurationPlatforms) = preSolution
		Debug|Any CPU = Debug|Any CPU
		Release|Any CPU = Release|Any CPU
	EndGlobalSection
	GlobalSection(ProjectConfigurationPlatforms) = postSolution
		{C21175BF-586C-4A17-9772-3B282EF3403A}.Debug|Any CPU.ActiveCfg = Debug|Any CPU
		{C21175BF-586C-4A17-9772-3B282EF3403A}.Debug|Any CPU.Build.0 = Debug|Any CPU
		{C21175BF-586C-4A17-9772-3B282EF3403A}.Release|Any CPU.ActiveCfg = Release|Any CPU
		{C21175BF-586C-4A17-9772-3B282EF3403A}.Release|Any CPU.Build.0 = Release|Any CPU
		{CEB8883E-9E69-44E4-B714-065F44686D92}.Debug|Any CPU.ActiveCfg = Debug|Any CPU
		{CEB8883E-9E69-44E4-B714-065F44686D92}.Debug|Any CPU.Build.0 = Debug|Any CPU
		{CEB8883E-9E69-44E4-B714-065F44686D92}.Release|Any CPU.ActiveCfg = Release|Any CPU
		{CEB8883E-9E69-44E4-B714-065F44686D92}.Release|Any CPU.Build.0 = Release|Any CPU
		{F77DB1DC-8A58-442F-84F2-55A7EEDC4072}.Debug|Any CPU.ActiveCfg = Debug|Any CPU
		{F77DB1DC-8A58-442F-84F2-55A7EEDC4072}.Debug|Any CPU.Build.0 = Debug|Any CPU
		{F77DB1DC-8A58-442F-84F2-55A7EEDC4072}.Release|Any CPU.ActiveCfg = Release|Any CPU
		{F77DB1DC-8A58-442F-84F2-55A7EEDC4072}.Release|Any CPU.Build.0 = Release|Any CPU
	EndGlobalSection
	GlobalSection(SolutionProperties) = preSolution
		HideSolutionNode = FALSE
	EndGlobalSection
	GlobalSection(ExtensibilityGlobals) = postSolution
		SolutionGuid = {EFDFEF28-91F1-43C0-9626-97AEF846CDC7}
	EndGlobalSection
EndGlobal
