
Microsoft Visual Studio Solution File, Format Version 12.00
# Visual Studio Version 16
VisualStudioVersion = 16.0.29905.134
MinimumVisualStudioVersion = 10.0.40219.1
Project("{FAE04EC0-301F-11D3-BF4B-00C04F79EFBC}") = "CentralitaHerencia", "CentralitaHerencia\CentralitaHerencia.csproj", "{0767C046-E4D0-4C2E-A2CF-5B52F483B5B6}"
EndProject
Project("{FAE04EC0-301F-11D3-BF4B-00C04F79EFBC}") = "Test", "Test\Test.csproj", "{81453B24-96EC-487E-9F53-522CC10DBCA6}"
EndProject
Project("{FAE04EC0-301F-11D3-BF4B-00C04F79EFBC}") = "CentralTelefonica", "CentralTelefonica\CentralTelefonica.csproj", "{E5DF3D12-590C-4F6B-BD1C-419CA4786CF2}"
EndProject
Project("{FAE04EC0-301F-11D3-BF4B-00C04F79EFBC}") = "CentralitaPrueba", "CentralitaPrueba\CentralitaPrueba.csproj", "{4901EDF8-9A08-4F8F-AEC0-5A09BB34E7AC}"
EndProject
Global
	GlobalSection(SolutionConfigurationPlatforms) = preSolution
		Debug|Any CPU = Debug|Any CPU
		Release|Any CPU = Release|Any CPU
	EndGlobalSection
	GlobalSection(ProjectConfigurationPlatforms) = postSolution
		{0767C046-E4D0-4C2E-A2CF-5B52F483B5B6}.Debug|Any CPU.ActiveCfg = Debug|Any CPU
		{0767C046-E4D0-4C2E-A2CF-5B52F483B5B6}.Debug|Any CPU.Build.0 = Debug|Any CPU
		{0767C046-E4D0-4C2E-A2CF-5B52F483B5B6}.Release|Any CPU.ActiveCfg = Release|Any CPU
		{0767C046-E4D0-4C2E-A2CF-5B52F483B5B6}.Release|Any CPU.Build.0 = Release|Any CPU
		{81453B24-96EC-487E-9F53-522CC10DBCA6}.Debug|Any CPU.ActiveCfg = Debug|Any CPU
		{81453B24-96EC-487E-9F53-522CC10DBCA6}.Debug|Any CPU.Build.0 = Debug|Any CPU
		{81453B24-96EC-487E-9F53-522CC10DBCA6}.Release|Any CPU.ActiveCfg = Release|Any CPU
		{81453B24-96EC-487E-9F53-522CC10DBCA6}.Release|Any CPU.Build.0 = Release|Any CPU
		{E5DF3D12-590C-4F6B-BD1C-419CA4786CF2}.Debug|Any CPU.ActiveCfg = Debug|Any CPU
		{E5DF3D12-590C-4F6B-BD1C-419CA4786CF2}.Debug|Any CPU.Build.0 = Debug|Any CPU
		{E5DF3D12-590C-4F6B-BD1C-419CA4786CF2}.Release|Any CPU.ActiveCfg = Release|Any CPU
		{E5DF3D12-590C-4F6B-BD1C-419CA4786CF2}.Release|Any CPU.Build.0 = Release|Any CPU
		{4901EDF8-9A08-4F8F-AEC0-5A09BB34E7AC}.Debug|Any CPU.ActiveCfg = Debug|Any CPU
		{4901EDF8-9A08-4F8F-AEC0-5A09BB34E7AC}.Debug|Any CPU.Build.0 = Debug|Any CPU
		{4901EDF8-9A08-4F8F-AEC0-5A09BB34E7AC}.Release|Any CPU.ActiveCfg = Release|Any CPU
		{4901EDF8-9A08-4F8F-AEC0-5A09BB34E7AC}.Release|Any CPU.Build.0 = Release|Any CPU
	EndGlobalSection
	GlobalSection(SolutionProperties) = preSolution
		HideSolutionNode = FALSE
	EndGlobalSection
	GlobalSection(ExtensibilityGlobals) = postSolution
		SolutionGuid = {29E1DB7E-FF83-4D54-AB0B-FB3FB791EC5D}
	EndGlobalSection
EndGlobal
