
Microsoft Visual Studio Solution File, Format Version 12.00
# Visual Studio Version 16
VisualStudioVersion = 16.0.29905.134
MinimumVisualStudioVersion = 10.0.40219.1
Project("{FAE04EC0-301F-11D3-BF4B-00C04F79EFBC}") = "Entidades", "Entidades\Entidades.csproj", "{C6776431-E957-4706-BEC2-C1AC79F8EB17}"
EndProject
Project("{FAE04EC0-301F-11D3-BF4B-00C04F79EFBC}") = "VistaConsola", "VistaConsola\VistaConsola.csproj", "{33145FE9-1177-4253-B2DB-BB2CBF3BD7E5}"
EndProject
Project("{FAE04EC0-301F-11D3-BF4B-00C04F79EFBC}") = "VistaForm", "VistaForm\VistaForm.csproj", "{30BA9653-F860-4335-A498-31CF03513A43}"
EndProject
Global
	GlobalSection(SolutionConfigurationPlatforms) = preSolution
		Debug|Any CPU = Debug|Any CPU
		Release|Any CPU = Release|Any CPU
	EndGlobalSection
	GlobalSection(ProjectConfigurationPlatforms) = postSolution
		{C6776431-E957-4706-BEC2-C1AC79F8EB17}.Debug|Any CPU.ActiveCfg = Debug|Any CPU
		{C6776431-E957-4706-BEC2-C1AC79F8EB17}.Debug|Any CPU.Build.0 = Debug|Any CPU
		{C6776431-E957-4706-BEC2-C1AC79F8EB17}.Release|Any CPU.ActiveCfg = Release|Any CPU
		{C6776431-E957-4706-BEC2-C1AC79F8EB17}.Release|Any CPU.Build.0 = Release|Any CPU
		{33145FE9-1177-4253-B2DB-BB2CBF3BD7E5}.Debug|Any CPU.ActiveCfg = Debug|Any CPU
		{33145FE9-1177-4253-B2DB-BB2CBF3BD7E5}.Debug|Any CPU.Build.0 = Debug|Any CPU
		{33145FE9-1177-4253-B2DB-BB2CBF3BD7E5}.Release|Any CPU.ActiveCfg = Release|Any CPU
		{33145FE9-1177-4253-B2DB-BB2CBF3BD7E5}.Release|Any CPU.Build.0 = Release|Any CPU
		{30BA9653-F860-4335-A498-31CF03513A43}.Debug|Any CPU.ActiveCfg = Debug|Any CPU
		{30BA9653-F860-4335-A498-31CF03513A43}.Debug|Any CPU.Build.0 = Debug|Any CPU
		{30BA9653-F860-4335-A498-31CF03513A43}.Release|Any CPU.ActiveCfg = Release|Any CPU
		{30BA9653-F860-4335-A498-31CF03513A43}.Release|Any CPU.Build.0 = Release|Any CPU
	EndGlobalSection
	GlobalSection(SolutionProperties) = preSolution
		HideSolutionNode = FALSE
	EndGlobalSection
	GlobalSection(ExtensibilityGlobals) = postSolution
		SolutionGuid = {308CACB6-81AF-498F-B658-C048DB211F65}
	EndGlobalSection
EndGlobal
