
Microsoft Visual Studio Solution File, Format Version 12.00
# Visual Studio Version 16
VisualStudioVersion = 16.0.29905.134
MinimumVisualStudioVersion = 10.0.40219.1
Project("{FAE04EC0-301F-11D3-BF4B-00C04F79EFBC}") = "Ejercicio_11", "Ejercicio_11\Ejercicio_11.csproj", "{25EEE5AF-85E4-48B6-943F-546661B71AFE}"
EndProject
Project("{FAE04EC0-301F-11D3-BF4B-00C04F79EFBC}") = "Ejercicio_12", "Ejercicio_12\Ejercicio_12.csproj", "{41420342-D931-41A2-BD71-4E76FABB3340}"
EndProject
Project("{FAE04EC0-301F-11D3-BF4B-00C04F79EFBC}") = "Ejercicio_13", "Ejercicio_13\Ejercicio_13.csproj", "{D8553FCF-AC71-451A-95C3-6940301578F5}"
EndProject
Project("{FAE04EC0-301F-11D3-BF4B-00C04F79EFBC}") = "Ejercicio_14", "Ejercicio_14\Ejercicio_14.csproj", "{90309025-A0DC-4AA3-B7D2-313E91452648}"
EndProject
Project("{FAE04EC0-301F-11D3-BF4B-00C04F79EFBC}") = "Ejercicio_15", "Ejercicio_15\Ejercicio_15.csproj", "{4BC0D0C2-B491-4E38-9130-4708CFEFD4D2}"
EndProject
Global
	GlobalSection(SolutionConfigurationPlatforms) = preSolution
		Debug|Any CPU = Debug|Any CPU
		Release|Any CPU = Release|Any CPU
	EndGlobalSection
	GlobalSection(ProjectConfigurationPlatforms) = postSolution
		{25EEE5AF-85E4-48B6-943F-546661B71AFE}.Debug|Any CPU.ActiveCfg = Debug|Any CPU
		{25EEE5AF-85E4-48B6-943F-546661B71AFE}.Debug|Any CPU.Build.0 = Debug|Any CPU
		{25EEE5AF-85E4-48B6-943F-546661B71AFE}.Release|Any CPU.ActiveCfg = Release|Any CPU
		{25EEE5AF-85E4-48B6-943F-546661B71AFE}.Release|Any CPU.Build.0 = Release|Any CPU
		{41420342-D931-41A2-BD71-4E76FABB3340}.Debug|Any CPU.ActiveCfg = Debug|Any CPU
		{41420342-D931-41A2-BD71-4E76FABB3340}.Debug|Any CPU.Build.0 = Debug|Any CPU
		{41420342-D931-41A2-BD71-4E76FABB3340}.Release|Any CPU.ActiveCfg = Release|Any CPU
		{41420342-D931-41A2-BD71-4E76FABB3340}.Release|Any CPU.Build.0 = Release|Any CPU
		{D8553FCF-AC71-451A-95C3-6940301578F5}.Debug|Any CPU.ActiveCfg = Debug|Any CPU
		{D8553FCF-AC71-451A-95C3-6940301578F5}.Debug|Any CPU.Build.0 = Debug|Any CPU
		{D8553FCF-AC71-451A-95C3-6940301578F5}.Release|Any CPU.ActiveCfg = Release|Any CPU
		{D8553FCF-AC71-451A-95C3-6940301578F5}.Release|Any CPU.Build.0 = Release|Any CPU
		{90309025-A0DC-4AA3-B7D2-313E91452648}.Debug|Any CPU.ActiveCfg = Debug|Any CPU
		{90309025-A0DC-4AA3-B7D2-313E91452648}.Debug|Any CPU.Build.0 = Debug|Any CPU
		{90309025-A0DC-4AA3-B7D2-313E91452648}.Release|Any CPU.ActiveCfg = Release|Any CPU
		{90309025-A0DC-4AA3-B7D2-313E91452648}.Release|Any CPU.Build.0 = Release|Any CPU
		{4BC0D0C2-B491-4E38-9130-4708CFEFD4D2}.Debug|Any CPU.ActiveCfg = Debug|Any CPU
		{4BC0D0C2-B491-4E38-9130-4708CFEFD4D2}.Debug|Any CPU.Build.0 = Debug|Any CPU
		{4BC0D0C2-B491-4E38-9130-4708CFEFD4D2}.Release|Any CPU.ActiveCfg = Release|Any CPU
		{4BC0D0C2-B491-4E38-9130-4708CFEFD4D2}.Release|Any CPU.Build.0 = Release|Any CPU
	EndGlobalSection
	GlobalSection(SolutionProperties) = preSolution
		HideSolutionNode = FALSE
	EndGlobalSection
	GlobalSection(ExtensibilityGlobals) = postSolution
		SolutionGuid = {94B799B7-AC45-4AAD-83F6-87C6F7F6213A}
	EndGlobalSection
EndGlobal
