
Microsoft Visual Studio Solution File, Format Version 12.00
# Visual Studio Version 16
VisualStudioVersion = 16.0.29905.134
MinimumVisualStudioVersion = 10.0.40219.1
Project("{FAE04EC0-301F-11D3-BF4B-00C04F79EFBC}") = "Entidades", "Entidades\Entidades.csproj", "{A38E2A41-9675-4AF9-8B3C-E35AC464496E}"
EndProject
Project("{FAE04EC0-301F-11D3-BF4B-00C04F79EFBC}") = "VistaForm", "VistaForm\VistaForm.csproj", "{583D06BE-A321-4878-86AF-4D1C891AD4F9}"
EndProject
Global
	GlobalSection(SolutionConfigurationPlatforms) = preSolution
		Debug|Any CPU = Debug|Any CPU
		Release|Any CPU = Release|Any CPU
	EndGlobalSection
	GlobalSection(ProjectConfigurationPlatforms) = postSolution
		{A38E2A41-9675-4AF9-8B3C-E35AC464496E}.Debug|Any CPU.ActiveCfg = Debug|Any CPU
		{A38E2A41-9675-4AF9-8B3C-E35AC464496E}.Debug|Any CPU.Build.0 = Debug|Any CPU
		{A38E2A41-9675-4AF9-8B3C-E35AC464496E}.Release|Any CPU.ActiveCfg = Release|Any CPU
		{A38E2A41-9675-4AF9-8B3C-E35AC464496E}.Release|Any CPU.Build.0 = Release|Any CPU
		{583D06BE-A321-4878-86AF-4D1C891AD4F9}.Debug|Any CPU.ActiveCfg = Debug|Any CPU
		{583D06BE-A321-4878-86AF-4D1C891AD4F9}.Debug|Any CPU.Build.0 = Debug|Any CPU
		{583D06BE-A321-4878-86AF-4D1C891AD4F9}.Release|Any CPU.ActiveCfg = Release|Any CPU
		{583D06BE-A321-4878-86AF-4D1C891AD4F9}.Release|Any CPU.Build.0 = Release|Any CPU
	EndGlobalSection
	GlobalSection(SolutionProperties) = preSolution
		HideSolutionNode = FALSE
	EndGlobalSection
	GlobalSection(ExtensibilityGlobals) = postSolution
		SolutionGuid = {1DB63F0B-1676-4545-8F1A-8D11F3ACEDA2}
	EndGlobalSection
EndGlobal
